
Microsoft Visual Studio Solution File, Format Version 12.00
# Visual Studio Version 17
VisualStudioVersion = 17.1.32319.34
MinimumVisualStudioVersion = 10.0.40219.1
Project("{9A19103F-16F7-4668-BE54-9A1E7A4F7556}") = "eleicao2022", "minhaAPI\eleicao2022.csproj", "{C9A8DDE9-4E1A-4046-8338-20879C59BC6E}"
EndProject
Global
	GlobalSection(SolutionConfigurationPlatforms) = preSolution
		Debug|Any CPU = Debug|Any CPU
		Release|Any CPU = Release|Any CPU
	EndGlobalSection
	GlobalSection(ProjectConfigurationPlatforms) = postSolution
		{C9A8DDE9-4E1A-4046-8338-20879C59BC6E}.Debug|Any CPU.ActiveCfg = Debug|Any CPU
		{C9A8DDE9-4E1A-4046-8338-20879C59BC6E}.Debug|Any CPU.Build.0 = Debug|Any CPU
		{C9A8DDE9-4E1A-4046-8338-20879C59BC6E}.Release|Any CPU.ActiveCfg = Release|Any CPU
		{C9A8DDE9-4E1A-4046-8338-20879C59BC6E}.Release|Any CPU.Build.0 = Release|Any CPU
	EndGlobalSection
	GlobalSection(SolutionProperties) = preSolution
		HideSolutionNode = FALSE
	EndGlobalSection
	GlobalSection(ExtensibilityGlobals) = postSolution
		SolutionGuid = {687560B6-E98B-4E6D-9315-3B42DE6073D1}
	EndGlobalSection
EndGlobal
